
Microsoft Visual Studio Solution File, Format Version 12.00
# Visual Studio Version 16
VisualStudioVersion = 16.0.30204.135
MinimumVisualStudioVersion = 10.0.40219.1
Project("{FAE04EC0-301F-11D3-BF4B-00C04F79EFBC}") = "UserSecrets.Tests", "UserSecrets.Tests\UserSecrets.Tests.csproj", "{A1C5E03A-CC14-4ED4-9102-8CDB1C92BAA4}"
EndProject
Global
	GlobalSection(SolutionConfigurationPlatforms) = preSolution
		Debug|Any CPU = Debug|Any CPU
		Release|Any CPU = Release|Any CPU
	EndGlobalSection
	GlobalSection(ProjectConfigurationPlatforms) = postSolution
		{A1C5E03A-CC14-4ED4-9102-8CDB1C92BAA4}.Debug|Any CPU.ActiveCfg = Debug|Any CPU
		{A1C5E03A-CC14-4ED4-9102-8CDB1C92BAA4}.Debug|Any CPU.Build.0 = Debug|Any CPU
		{A1C5E03A-CC14-4ED4-9102-8CDB1C92BAA4}.Release|Any CPU.ActiveCfg = Release|Any CPU
		{A1C5E03A-CC14-4ED4-9102-8CDB1C92BAA4}.Release|Any CPU.Build.0 = Release|Any CPU
	EndGlobalSection
	GlobalSection(SolutionProperties) = preSolution
		HideSolutionNode = FALSE
	EndGlobalSection
	GlobalSection(ExtensibilityGlobals) = postSolution
		SolutionGuid = {500CF2C6-A1C6-4406-AF6E-E0A88D6FAFC5}
	EndGlobalSection
EndGlobal
